
Microsoft Visual Studio Solution File, Format Version 12.00
# Visual Studio Version 16
VisualStudioVersion = 16.0.30204.135
MinimumVisualStudioVersion = 10.0.40219.1
Project("{FAE04EC0-301F-11D3-BF4B-00C04F79EFBC}") = "UnitTestLab_Roshambo", "UnitTestLab_Roshambo\UnitTestLab_Roshambo.csproj", "{E8198F49-A06F-44BE-99F9-24FDC48CA256}"
EndProject
Project("{FAE04EC0-301F-11D3-BF4B-00C04F79EFBC}") = "UnitTestLab_RoshamboTests", "UnitTestLab_RoshamboTests\UnitTestLab_RoshamboTests.csproj", "{A0EAE952-74D7-4CE7-985F-3FEB5C69336D}"
EndProject
Global
	GlobalSection(SolutionConfigurationPlatforms) = preSolution
		Debug|Any CPU = Debug|Any CPU
		Release|Any CPU = Release|Any CPU
	EndGlobalSection
	GlobalSection(ProjectConfigurationPlatforms) = postSolution
		{E8198F49-A06F-44BE-99F9-24FDC48CA256}.Debug|Any CPU.ActiveCfg = Debug|Any CPU
		{E8198F49-A06F-44BE-99F9-24FDC48CA256}.Debug|Any CPU.Build.0 = Debug|Any CPU
		{E8198F49-A06F-44BE-99F9-24FDC48CA256}.Release|Any CPU.ActiveCfg = Release|Any CPU
		{E8198F49-A06F-44BE-99F9-24FDC48CA256}.Release|Any CPU.Build.0 = Release|Any CPU
		{A0EAE952-74D7-4CE7-985F-3FEB5C69336D}.Debug|Any CPU.ActiveCfg = Debug|Any CPU
		{A0EAE952-74D7-4CE7-985F-3FEB5C69336D}.Debug|Any CPU.Build.0 = Debug|Any CPU
		{A0EAE952-74D7-4CE7-985F-3FEB5C69336D}.Release|Any CPU.ActiveCfg = Release|Any CPU
		{A0EAE952-74D7-4CE7-985F-3FEB5C69336D}.Release|Any CPU.Build.0 = Release|Any CPU
	EndGlobalSection
	GlobalSection(SolutionProperties) = preSolution
		HideSolutionNode = FALSE
	EndGlobalSection
	GlobalSection(ExtensibilityGlobals) = postSolution
		SolutionGuid = {864AEFDA-5F75-4CA7-A09F-5CF5020326F0}
	EndGlobalSection
EndGlobal
